version = 1
revision = 2
requires-python = ">=3.12.11"

[[package]]
name = "distributed-systems-algorithms"
version = "0.1.0"
source = { virtual = "." }
dependencies = [
    { name = "mpi4py" },
    { name = "ruff" },
]

[package.metadata]
requires-dist = [
    { name = "mpi4py", specifier = ">=4.1.0" },
    { name = "ruff", specifier = ">=0.12.7" },
]

[[package]]
name = "mpi4py"
version = "4.1.0"
source = { registry = "https://pypi.org/simple" }
sdist = { url = "https://files.pythonhosted.org/packages/7b/0c/2fc9e1f48226ddbc472d1c94580836c59fc24ae97592f8ad4fc9ffdb5373/mpi4py-4.1.0.tar.gz", hash = "sha256:817492796bce771ccd809a6051cf68d48689815493b567a696ce7679260449cd", size = 495378, upload-time = "2025-06-25T08:42:55.384Z" }
wheels = [
    { url = "https://files.pythonhosted.org/packages/2f/b6/f77ff70ecd6178055741525a2c9715d8378cf490df2233a9614085993c47/mpi4py-4.1.0-cp310-abi3-macosx_10_9_x86_64.whl", hash = "sha256:9fd9c94bd9f963e50a884382ce13694f0296f1843760b047c9f64b3f11688330", size = 1392767, upload-time = "2025-06-25T08:41:38.163Z" },
    { url = "https://files.pythonhosted.org/packages/0b/c8/bd78b0020a6f70ce5e9ec79e7a824dfc70ede68ceb287a68ad9f596af531/mpi4py-4.1.0-cp310-abi3-macosx_11_0_arm64.whl", hash = "sha256:8dafd7777766a485502c55941bef543ba3a451e943fb38c98d4f9f5cded9ba89", size = 1252752, upload-time = "2025-06-25T08:41:39.66Z" },
    { url = "https://files.pythonhosted.org/packages/57/c6/6a9039e0391522b7922224f9485577126abcae98dacdb0d101fa1186c7cf/mpi4py-4.1.0-cp310-abi3-manylinux1_x86_64.manylinux_2_5_x86_64.whl", hash = "sha256:adfaf7a9ef70f9476ca62116cea2607550d9126ec7108e05eff37760d67c3855", size = 1373180, upload-time = "2025-06-25T08:41:41.107Z" },
    { url = "https://files.pythonhosted.org/packages/52/a7/b372dbe0aa7a7d972f7e07e13c971302e0f50613c3e84bdb91d092c04c10/mpi4py-4.1.0-cp310-abi3-manylinux2014_aarch64.manylinux_2_17_aarch64.whl", hash = "sha256:6a119b51f7a05f36b40ff60c1baa2de2384c51575eb86c9199faaa648fd3e600", size = 1225517, upload-time = "2025-06-25T08:41:42.765Z" },
    { url = "https://files.pythonhosted.org/packages/4a/14/b872ca93f8961e08020fba2cea652ce648e28073ec31f21641be4e8cec85/mpi4py-4.1.0-cp310-abi3-win_amd64.whl", hash = "sha256:7d98779618796c338dc0b3d5f79ea4ff8c31d8ddbdbf09c07c6cf2ba029c3e7a", size = 1479781, upload-time = "2025-06-25T08:41:44.079Z" },
    { url = "https://files.pythonhosted.org/packages/95/c8/480b506d8ae8ad47d46b58cc261a488797ba2242ab28f86e107375a6dd47/mpi4py-4.1.0-cp312-cp312-macosx_10_13_x86_64.whl", hash = "sha256:7846dd4acfb68241169a49bf234889e92ce90b68b7030b2264510bcaf27a2701", size = 1643446, upload-time = "2025-06-25T08:41:59.77Z" },
    { url = "https://files.pythonhosted.org/packages/45/49/7718527d636692231131f2785740ca7c2f9f9ddc21b564945cfb6528a59b/mpi4py-4.1.0-cp312-cp312-macosx_11_0_arm64.whl", hash = "sha256:b201ee63f3cfd0f9175c38207e001f7907fce1e0668c469cb33fbf6ccb22ba9b", size = 1412616, upload-time = "2025-06-25T08:42:01.463Z" },
    { url = "https://files.pythonhosted.org/packages/3b/2a/ee6ad1d665cd384e582205ef5e7158da16e8838ae6ddb8f25cd9f43f84bc/mpi4py-4.1.0-cp312-cp312-manylinux1_x86_64.manylinux_2_5_x86_64.whl", hash = "sha256:41e6083d685c1eb871578279f1334d068f4933279f4cdb6d745fd75ccb4ad19e", size = 1450318, upload-time = "2025-06-25T08:42:02.832Z" },
    { url = "https://files.pythonhosted.org/packages/22/89/023a22427221a3ba951d5ee6e5573fb726bb981244c67459ef63f32d7c03/mpi4py-4.1.0-cp312-cp312-manylinux2014_aarch64.manylinux_2_17_aarch64.whl", hash = "sha256:2cb7adf1047012182fae453a5feacb54a2487ab9a608005e283f3b5730858d10", size = 1319677, upload-time = "2025-06-25T08:42:04.54Z" },
    { url = "https://files.pythonhosted.org/packages/ec/7f/37d8c0e24b8240748160ad439c84284078bce885809ef796491d137ec08f/mpi4py-4.1.0-cp312-cp312-win_amd64.whl", hash = "sha256:6eca2d2455ab39b030f9fe671108430136495795c9d594e2e52191a2d3afc633", size = 1726444, upload-time = "2025-06-25T08:42:05.882Z" },
    { url = "https://files.pythonhosted.org/packages/84/a4/efea1a8cb737c909d46e19b4f17ec781b06c7fe9726d454e4b9b8eff0bef/mpi4py-4.1.0-cp313-cp313-macosx_10_13_x86_64.whl", hash = "sha256:a25b1deff40ee0044bb334b786ba99e9e0fafc4f4c8e7c3993a2b4b460b2398c", size = 1686371, upload-time = "2025-06-25T08:42:07.214Z" },
    { url = "https://files.pythonhosted.org/packages/ad/17/504cc768b6d2d74d1b8b361d9c2df5d762a6f9987054c260f253a27aa454/mpi4py-4.1.0-cp313-cp313-macosx_11_0_arm64.whl", hash = "sha256:41a346462647e6f13406df876921781dffa8fb956a6cdbe5fc0b0b10cc8fcc4e", size = 1443546, upload-time = "2025-06-25T08:42:08.441Z" },
    { url = "https://files.pythonhosted.org/packages/4b/ba/a5e42c71566f92a83403f137fb09486408d6133d2d725c3b0b764a641c60/mpi4py-4.1.0-cp313-cp313-manylinux1_x86_64.manylinux_2_5_x86_64.whl", hash = "sha256:e28c8e3d127c77423368448bfe62495ea81ea42dd11b2fb5e06e2f87b08dd619", size = 1449946, upload-time = "2025-06-25T08:42:10.199Z" },
    { url = "https://files.pythonhosted.org/packages/ab/93/8792f79739e942be68e6f307fef6d70d658de7fe1807c093e467387aad28/mpi4py-4.1.0-cp313-cp313-manylinux2014_aarch64.manylinux_2_17_aarch64.whl", hash = "sha256:18d2ba9d7665afc551f598d59d44f588303f7b17835089e2ae4f95cfb6904184", size = 1319350, upload-time = "2025-06-25T08:42:11.579Z" },
    { url = "https://files.pythonhosted.org/packages/cc/ba/7cdf2b67808a7d1489f1d7635a812379f18917dd5e73f6f4e5af244770b4/mpi4py-4.1.0-cp313-cp313-win_amd64.whl", hash = "sha256:07bbc502d31c16737e150d32490e841e0239387db208b04b6f7e71ad8f1bfc64", size = 1723727, upload-time = "2025-06-25T08:42:13.307Z" },
    { url = "https://files.pythonhosted.org/packages/ba/da/ffbd138831be4b4df0b6e4d3d8a5dc20e23b924d33399a1ed707ebf51e65/mpi4py-4.1.0-cp313-cp313t-macosx_10_13_x86_64.whl", hash = "sha256:aca9c355f9407d28d0e361d2f7692b022c6bb775e4849f9f564273ad465e99cc", size = 1769266, upload-time = "2025-06-25T08:42:15.143Z" },
    { url = "https://files.pythonhosted.org/packages/c8/61/17fad137e9760c70d54e64d5ceaa9125a500ef049acbe7036409d7adf9c1/mpi4py-4.1.0-cp313-cp313t-macosx_11_0_arm64.whl", hash = "sha256:77b4f1a59033a043d3e51c841828d2a1b15302914f7d0e3f56b1b974d3991359", size = 1547321, upload-time = "2025-06-25T08:42:17.062Z" },
    { url = "https://files.pythonhosted.org/packages/1c/be/e5f301067f77f4cd1d0eccb7f05d4e05268105bf5e6a186c8eda624d58f1/mpi4py-4.1.0-cp313-cp313t-manylinux1_x86_64.manylinux_2_5_x86_64.whl", hash = "sha256:65c630121465d410fb7f16fbbab9434bbac31875067b36f107370cccc6ebecde", size = 1515083, upload-time = "2025-06-25T08:42:18.439Z" },
    { url = "https://files.pythonhosted.org/packages/8c/3c/7a5bc8332b2a1e223bf7f5068d5cfd3720038db78fab61e757b30d40ff2b/mpi4py-4.1.0-cp313-cp313t-manylinux2014_aarch64.manylinux_2_17_aarch64.whl", hash = "sha256:ba1f60cf8eac96c12f3c86878335767a3a6bd0ee8e3bdb2023b7c55c1377ef09", size = 1396668, upload-time = "2025-06-25T08:42:20.149Z" },
    { url = "https://files.pythonhosted.org/packages/05/5d/dedffa9a7ac350b2346170194efe19e3a821e0047dbad03a085ab0e9fea3/mpi4py-4.1.0-cp313-cp313t-win_amd64.whl", hash = "sha256:fb88abf19b976755401c911294eb57a59b6e189346278a5be8b89c50e71f6860", size = 1772256, upload-time = "2025-06-25T08:42:21.824Z" },
]

[[package]]
name = "ruff"
version = "0.12.7"
source = { registry = "https://pypi.org/simple" }
sdist = { url = "https://files.pythonhosted.org/packages/a1/81/0bd3594fa0f690466e41bd033bdcdf86cba8288345ac77ad4afbe5ec743a/ruff-0.12.7.tar.gz", hash = "sha256:1fc3193f238bc2d7968772c82831a4ff69252f673be371fb49663f0068b7ec71", size = 5197814, upload-time = "2025-07-29T22:32:35.877Z" }
wheels = [
    { url = "https://files.pythonhosted.org/packages/e1/d2/6cb35e9c85e7a91e8d22ab32ae07ac39cc34a71f1009a6f9e4a2a019e602/ruff-0.12.7-py3-none-linux_armv6l.whl", hash = "sha256:76e4f31529899b8c434c3c1dede98c4483b89590e15fb49f2d46183801565303", size = 11852189, upload-time = "2025-07-29T22:31:41.281Z" },
    { url = "https://files.pythonhosted.org/packages/63/5b/a4136b9921aa84638f1a6be7fb086f8cad0fde538ba76bda3682f2599a2f/ruff-0.12.7-py3-none-macosx_10_12_x86_64.whl", hash = "sha256:789b7a03e72507c54fb3ba6209e4bb36517b90f1a3569ea17084e3fd295500fb", size = 12519389, upload-time = "2025-07-29T22:31:54.265Z" },
    { url = "https://files.pythonhosted.org/packages/a8/c9/3e24a8472484269b6b1821794141f879c54645a111ded4b6f58f9ab0705f/ruff-0.12.7-py3-none-macosx_11_0_arm64.whl", hash = "sha256:2e1c2a3b8626339bb6369116e7030a4cf194ea48f49b64bb505732a7fce4f4e3", size = 11743384, upload-time = "2025-07-29T22:31:59.575Z" },
    { url = "https://files.pythonhosted.org/packages/26/7c/458dd25deeb3452c43eaee853c0b17a1e84169f8021a26d500ead77964fd/ruff-0.12.7-py3-none-manylinux_2_17_aarch64.manylinux2014_aarch64.whl", hash = "sha256:32dec41817623d388e645612ec70d5757a6d9c035f3744a52c7b195a57e03860", size = 11943759, upload-time = "2025-07-29T22:32:01.95Z" },
    { url = "https://files.pythonhosted.org/packages/7f/8b/658798472ef260ca050e400ab96ef7e85c366c39cf3dfbef4d0a46a528b6/ruff-0.12.7-py3-none-manylinux_2_17_armv7l.manylinux2014_armv7l.whl", hash = "sha256:47ef751f722053a5df5fa48d412dbb54d41ab9b17875c6840a58ec63ff0c247c", size = 11654028, upload-time = "2025-07-29T22:32:04.367Z" },
    { url = "https://files.pythonhosted.org/packages/a8/86/9c2336f13b2a3326d06d39178fd3448dcc7025f82514d1b15816fe42bfe8/ruff-0.12.7-py3-none-manylinux_2_17_i686.manylinux2014_i686.whl", hash = "sha256:a828a5fc25a3efd3e1ff7b241fd392686c9386f20e5ac90aa9234a5faa12c423", size = 13225209, upload-time = "2025-07-29T22:32:06.952Z" },
    { url = "https://files.pythonhosted.org/packages/76/69/df73f65f53d6c463b19b6b312fd2391dc36425d926ec237a7ed028a90fc1/ruff-0.12.7-py3-none-manylinux_2_17_ppc64.manylinux2014_ppc64.whl", hash = "sha256:5726f59b171111fa6a69d82aef48f00b56598b03a22f0f4170664ff4d8298efb", size = 14182353, upload-time = "2025-07-29T22:32:10.053Z" },
    { url = "https://files.pythonhosted.org/packages/58/1e/de6cda406d99fea84b66811c189b5ea139814b98125b052424b55d28a41c/ruff-0.12.7-py3-none-manylinux_2_17_ppc64le.manylinux2014_ppc64le.whl", hash = "sha256:74e6f5c04c4dd4aba223f4fe6e7104f79e0eebf7d307e4f9b18c18362124bccd", size = 13631555, upload-time = "2025-07-29T22:32:12.644Z" },
    { url = "https://files.pythonhosted.org/packages/6f/ae/625d46d5164a6cc9261945a5e89df24457dc8262539ace3ac36c40f0b51e/ruff-0.12.7-py3-none-manylinux_2_17_s390x.manylinux2014_s390x.whl", hash = "sha256:5d0bfe4e77fba61bf2ccadf8cf005d6133e3ce08793bbe870dd1c734f2699a3e", size = 12667556, upload-time = "2025-07-29T22:32:15.312Z" },
    { url = "https://files.pythonhosted.org/packages/55/bf/9cb1ea5e3066779e42ade8d0cd3d3b0582a5720a814ae1586f85014656b6/ruff-0.12.7-py3-none-manylinux_2_17_x86_64.manylinux2014_x86_64.whl", hash = "sha256:06bfb01e1623bf7f59ea749a841da56f8f653d641bfd046edee32ede7ff6c606", size = 12939784, upload-time = "2025-07-29T22:32:17.69Z" },
    { url = "https://files.pythonhosted.org/packages/55/7f/7ead2663be5627c04be83754c4f3096603bf5e99ed856c7cd29618c691bd/ruff-0.12.7-py3-none-musllinux_1_2_aarch64.whl", hash = "sha256:e41df94a957d50083fd09b916d6e89e497246698c3f3d5c681c8b3e7b9bb4ac8", size = 11771356, upload-time = "2025-07-29T22:32:20.134Z" },
    { url = "https://files.pythonhosted.org/packages/17/40/a95352ea16edf78cd3a938085dccc55df692a4d8ba1b3af7accbe2c806b0/ruff-0.12.7-py3-none-musllinux_1_2_armv7l.whl", hash = "sha256:4000623300563c709458d0ce170c3d0d788c23a058912f28bbadc6f905d67afa", size = 11612124, upload-time = "2025-07-29T22:32:22.645Z" },
    { url = "https://files.pythonhosted.org/packages/4d/74/633b04871c669e23b8917877e812376827c06df866e1677f15abfadc95cb/ruff-0.12.7-py3-none-musllinux_1_2_i686.whl", hash = "sha256:69ffe0e5f9b2cf2b8e289a3f8945b402a1b19eff24ec389f45f23c42a3dd6fb5", size = 12479945, upload-time = "2025-07-29T22:32:24.765Z" },
    { url = "https://files.pythonhosted.org/packages/be/34/c3ef2d7799c9778b835a76189c6f53c179d3bdebc8c65288c29032e03613/ruff-0.12.7-py3-none-musllinux_1_2_x86_64.whl", hash = "sha256:a07a5c8ffa2611a52732bdc67bf88e243abd84fe2d7f6daef3826b59abbfeda4", size = 12998677, upload-time = "2025-07-29T22:32:27.022Z" },
    { url = "https://files.pythonhosted.org/packages/77/ab/aca2e756ad7b09b3d662a41773f3edcbd262872a4fc81f920dc1ffa44541/ruff-0.12.7-py3-none-win32.whl", hash = "sha256:c928f1b2ec59fb77dfdf70e0419408898b63998789cc98197e15f560b9e77f77", size = 11756687, upload-time = "2025-07-29T22:32:29.381Z" },
    { url = "https://files.pythonhosted.org/packages/b4/71/26d45a5042bc71db22ddd8252ca9d01e9ca454f230e2996bb04f16d72799/ruff-0.12.7-py3-none-win_amd64.whl", hash = "sha256:9c18f3d707ee9edf89da76131956aba1270c6348bfee8f6c647de841eac7194f", size = 12912365, upload-time = "2025-07-29T22:32:31.517Z" },
    { url = "https://files.pythonhosted.org/packages/4c/9b/0b8aa09817b63e78d94b4977f18b1fcaead3165a5ee49251c5d5c245bb2d/ruff-0.12.7-py3-none-win_arm64.whl", hash = "sha256:dfce05101dbd11833a0776716d5d1578641b7fddb537fe7fa956ab85d1769b69", size = 11982083, upload-time = "2025-07-29T22:32:33.881Z" },
]
